lockfileVersion: '9.0'

settings:
  autoInstallPeers: true
  excludeLinksFromLockfile: false

overrides:
  shell-quote: '>=1.11.0'
  source-map-js: '>=1.2.2'

importers:

  .:
    devDependencies:
      cssnano:
        specifier: ^9.0.5
        version: 9.3.2(postcss@8.5.29)
      esbuild:
        specifier: ^0.28.2
        version: 0.28.2
      postcss:
        specifier: ^8.5.28
        version: 8.5.29
      postcss-cli:
        specifier: ^12.0.0
        version: 12.0.0(postcss@8.5.29)
      postcss-nesting:
        specifier: ^14.0.1
        version: 14.0.3(postcss@8.5.29)

packages:

  '@colordx/core@7.3.0':
    resolution: {integrity: sha512-LVzTTPhX7wpy7TkGjouA9zbbCBIw92RGm7ZQqSKFE0oYE3sMx2FGXz90eVpgw7k/+wrrY+qJ86nHXifZWMS5jA==}

  '@csstools/css-tokenizer@4.0.2':
    resolution: {integrity: sha512-OoKoR0f76dCY666JlcbhmVTs2drYj1GUXZTYTcbUgJjh9Nv41aFfZ21bPQTERm5+L5cBDo466NltB2lplS5GBw==}
    engines: {node: '>=20.19.0'}

  '@csstools/selector-resolve-nested@4.0.2':
    resolution: {integrity: sha512-JpjNBJFA+4OnAHKRK4AMp8xrYyLhI9XapOeBlP2PhRU/IylSw+1ep3BFNTksBJnrTS3KT6kqKNVfpzLLwZUW5Q==}
    engines: {node: '>=20.19.0'}
    peerDependencies:
      postcss-selector-parser: ^7.1.1

  '@csstools/selector-specificity@6.0.1':
    resolution: {integrity: sha512-MBuqFIIvqk4S593MGAskTkPpEUUzZNvGzh8mMxEwl3oHwjQlXmqHEDxNbN3Y0Tsh+xjmem4GZjeg7I0qkwBivg==}
    engines: {node: '>=20.19.0'}
    peerDependencies:
      postcss-selector-parser: ^7.1.1

  '@esbuild/aix-ppc64@0.28.2':
    resolution: {integrity: sha512-XExcO+dvLKvVtNTibSTBej1NCAbaGhWn9Ww1ZPx80qsahhPFe/8jgWP0IchNe0F3HwkU7n8ejhH8bjonqht8mQ==}
    engines: {node: '>=18'}
    cpu: [ppc64]
    os: [aix]

  '@esbuild/android-arm64@0.28.2':
    resolution: {integrity: sha512-5YfKeeI8qWfBZIX+u2xZC3Zlb3Os/gLS2sbEKM+I4ZOcsWmHS2WLysCcQZDAFRslDUU5Oiq44gf6PYN1vGwG5A==}
    engines: {node: '>=18'}
    cpu: [arm64]
    os: [android]

  '@esbuild/android-arm@0.28.2':
    resolution: {integrity: sha512-kXXoiPVVGQcnIYGOeaovwOURpniDBpSq4A03qkQ+BMQqtGG6HYap3xne9C1O1yo4TR3qxlCX5IqqmX6fFo2Lqg==}
    engines: {node: '>=18'}
    cpu: [arm]
    os: [android]

  '@esbuild/android-x64@0.28.2':
    resolution: {integrity: sha512-O387ite7SzUyCcy3JQX4P4bLtEA7bLLkx+esve5JHnyYfNTxcVpXZo9jhdB0lTKN44gztELTdU7nS8Nr16Fs1Q==}
    engines: {node: '>=18'}
    cpu: [x64]
    os: [android]

  '@esbuild/darwin-arm64@0.28.2':
    resolution: {integrity: sha512-n4KqkOQrraxHJcgjM1RvwbigfQKIKJVpM7xp+KsxiyUSrRdIXnt73VhrPAx0fV44hgfmIVKjxMN9J1t5jySVkw==}
    engines: {node: '>=18'}
    cpu: [arm64]
    os: [darwin]

  '@esbuild/darwin-x64@0.28.2':
    resolution: {integrity: sha512-uq6suIWYP37qzGddBKPw5QEQPi6HiLGsO7UmkpfyaYNQ3D+rN6w6WfwH+nuqcGXWvawGwxOEroO4YGnFh95azw==}
    engines: {node: '>=18'}
    cpu: [x64]
    os: [darwin]

  '@esbuild/freebsd-arm64@0.28.2':
    resolution: {integrity: sha512-n+I0BTSRIoy+d6RPKnEVwql5UwBJolytvY4mAOIEJorKlqgPII8ix6slVVrfZ5Tnj7glIZvloylbB/EJPMWEXw==}
    engines: {node: '>=18'}
    cpu: [arm64]
    os: [freebsd]

  '@esbuild/freebsd-x64@0.28.2':
    resolution: {integrity: sha512-78XJTJkvPs0kz2w61301PJjXl4g7q3JqiYMZ/M/yVI73EHBrCRTgkhu9oqG7vPqq+a/yadEW8aD+agKlk5xrmg==}
    engines: {node: '>=18'}
    cpu: [x64]
    os: [freebsd]

  '@esbuild/linux-arm64@0.28.2':
    resolution: {integrity: sha512-pW4AC0P3it8c7do9MVM4p51FzHzdM/TZrerurgRcHJ2WTa1VQ1CIq18xncfpBJw4ojkiZZrKW2yIBWBP92j6Ug==}
    engines: {node: '>=18'}
    cpu: [arm64]
    os: [linux]

  '@esbuild/linux-arm@0.28.2':
    resolution: {integrity: sha512-XlDnu2q5yoqems+xay6wSAcg9DDD7K9RLKZEBOMZm3ckNpJBvOX20tSfby8KfrrhINDyv9V2YVZKY/SpoGJI8w==}
    engines: {node: '>=18'}
    cpu: [arm]
    os: [linux]

  '@esbuild/linux-ia32@0.28.2':
    resolution: {integrity: sha512-CYbnj78HsIeA+DhgUKgFCfvNsTHFhMMrinUrMZpDXJXKN8T3XViTZ/+wtHeVxEWY8ewSzTFN+nRmSwO2tZaLUQ==}
    engines: {node: '>=18'}
    cpu: [ia32]
    os: [linux]

  '@esbuild/linux-loong64@0.28.2':
    resolution: {integrity: sha512-buwkd8nsph4R+ajRvw0qM5Hja/TXQow3ptzWO2EbG/cqcIkHloRrdlBtQlshyYGTNFvfkfJ5tpPLVkY4DtsPfQ==}
    engines: {node: '>=18'}
    cpu: [loong64]
    os: [linux]

  '@esbuild/linux-mips64el@0.28.2':
    resolution: {integrity: sha512-ZVykbDyk7519VwiNb9Lcj9m8XM6v5V9uKPvrEMkkEedVewf+0itkhahp4HDpgERXhwLRpWFypsGbG/J8s0QjJA==}
    engines: {node: '>=18'}
    cpu: [mips64el]
    os: [linux]

  '@esbuild/linux-ppc64@0.28.2':
    resolution: {integrity: sha512-CAXl+Dtd9UUuJd8pKKdwh6MLm3MUMiqMPmhZ3tTSXPqfyQ3vDl6R5hZdZ/kYojK4ofXtdfSv1tFq8XzWx3heNQ==}
    engines: {node: '>=18'}
    cpu: [ppc64]
    os: [linux]

  '@esbuild/linux-riscv64@0.28.2':
    resolution: {integrity: sha512-GeXCej4IQtU1B+QlDV8W/RRvbzI3O/Stss+/bCXv4lZls5WGRtu2a+3JkA3i4qIUlMXpcHebWpF8AkJhATowuA==}
    engines: {node: '>=18'}
    cpu: [riscv64]
    os: [linux]

  '@esbuild/linux-s390x@0.28.2':
    resolution: {integrity: sha512-3H1weTYZPxt/WOhByszQZybS9w5lKzUn1FDMsgEChbHWQwHYQQRfBxgCcZvPhjHfKyJjIievvMmEUawJrdY9Dg==}
    engines: {node: '>=18'}
    cpu: [s390x]
    os: [linux]

  '@esbuild/linux-x64@0.28.2':
    resolution: {integrity: sha512-4xTZr1FUmSoQW4XIWmit3tzQrUTZM+N3P0XV8xROKYF50XfI7xeO90+1bZvNwxIufQ9hDQVRJH5YhgPVF8A/HQ==}
    engines: {node: '>=18'}
    cpu: [x64]
    os: [linux]

  '@esbuild/netbsd-arm64@0.28.2':
    resolution: {integrity: sha512-sSATRjPeDBg3pdgHoQfoYBob11Kk1FGa9lui5RIHZCoCkJa9QKlvl3/vKz2usCmYYjs7ymJR/2Nnsqe+Hjt5nw==}
    engines: {node: '>=18'}
    cpu: [arm64]
    os: [netbsd]

  '@esbuild/netbsd-x64@0.28.2':
    resolution: {integrity: sha512-lqnzCV+mM0gIADaKihiCg6ifgfU2L3h5E33rNQBN1Y4MaVGnzryzmvvf7UHxprpQdE8hpqLolJ9Rl+SkIRDpyw==}
    engines: {node: '>=18'}
    cpu: [x64]
    os: [netbsd]

  '@esbuild/openbsd-arm64@0.28.2':
    resolution: {integrity: sha512-AL2qJILH7lNjrDmCQDvdxMfAUIv8KMNZOvrwAQ8i8//ntL9FflhOyMJ8OZSMBb8/AWXe3/5v5S20y3zCoZWKoQ==}
    engines: {node: '>=18'}
    cpu: [arm64]
    os: [openbsd]

  '@esbuild/openbsd-x64@0.28.2':
    resolution: {integrity: sha512-QtiuPytchRyC4rwUKhexJdQKvDuZ6hWloi3igqPQNUJCS1/v9EiO3UTOXR6A3FoMo4fnAKbWJdqaIwhOzh8qEw==}
    engines: {node: '>=18'}
    cpu: [x64]
    os: [openbsd]

  '@esbuild/openharmony-arm64@0.28.2':
    resolution: {integrity: sha512-WkhYDmpTjLvGlScA1rwjRUmhl4k8oXR3cIbtqWmELgU/dFeHHlEllxDvdWcNJV9rbzCexB5vz8gtNewWLgCT7Q==}
    engines: {node: '>=18'}
    cpu: [arm64]
    os: [openharmony]

  '@esbuild/sunos-x64@0.28.2':
    resolution: {integrity: sha512-GPMSkTOtMnv2U2F8gxe4Io6qmVs+YKyp832Etqqxr0hFngmXQ3rzwytelm3GIn7T4VviRUlf3sOgBOiTdvaf7g==}
    engines: {node: '>=18'}
    cpu: [x64]
    os: [sunos]

  '@esbuild/win32-arm64@0.28.2':
    resolution: {integrity: sha512-PIhhEkE9uPBleRBrQEJpUn7MBnibZzbGzYWPmY3x+YoVg/95zbjB4CxPPOQ8l5tYYM4mMaCthF8/1DIfBQQyWQ==}
    engines: {node: '>=18'}
    cpu: [arm64]
    os: [win32]

  '@esbuild/win32-ia32@0.28.2':
    resolution: {integrity: sha512-YmJbfTlvU7Sdn9BB+4PRES4oB6pxgS37MAONj+hBr/cpXS1aBPKXxNnDbu+QCWPj0o9dgyxeq79g6c5P8KeuYA==}
    engines: {node: '>=18'}
    cpu: [ia32]
    os: [win32]

  '@esbuild/win32-x64@0.28.2':
    resolution: {integrity: sha512-5ebpxr3nWMzrL/rnUI755Jkuee0bHL/Gq0WTF9lvcpv73wAp5eu8MfBUgWK9bhWvZjj7yX8etf/8tI8Ney695g==}
    engines: {node: '>=18'}
    cpu: [x64]
    os: [win32]

  ansi-regex@6.4.0:
    resolution: {integrity: sha512-KzTVk2tCWAHtYrvvvaP8bJKJq2pVinhLcGEQdtLIYPbmNGNyYe8QwNaTUYQp2J7/vIsUKt5QCqAfUkYyG9DkOw==}
    engines: {node: '>=12'}

  ansi-styles@6.2.3:
    resolution: {integrity: sha512-4Dj6M28JB+oAH8kFkTLUo+a2jwOFkuqb3yucU0CANcRRUbxS0cP0nZYCGjcc3BNXwRIsUVmDGgzawme7zvJHvg==}
    engines: {node: '>=12'}

  baseline-browser-mapping@2.11.27:
    resolution: {integrity: sha512-ElY12DaROGuan+lMmZ8Cvo/ZUbXPe7Enc/9VU/b1T3Kp4dwytRcNdR8DoSJN5SNJT/CuvcCA0DHDVmMOCePdRQ==}
    engines: {node: '>=6.0.0'}
    hasBin: true

  boolbase@1.0.0:
    resolution: {integrity: sha512-JZOSA7Mo9sNGB8+UjSgzdLtokWAky1zbztM3WRLCbZ70/3cTANmQmOdR7y2g+J0e2WXywy1yS468tY+IruqEww==}

  browserslist@4.29.3:
    resolution: {integrity: sha512-1R4kiYKXGViqEN0CnoDrXc1StD9niAwu+j2dukWzrD4bJgsD4lDmEp0CRbc6E/vYJIfTHwPmwyaKtVSudICdPA==}
    engines: {node: ^6 || ^7 || ^8 || ^9 || ^10 || ^11 || ^12 || >=13.7}
    hasBin: true

  caniuse-api@4.0.0:
    resolution: {integrity: sha512-B0hQ1OLyJuHTQSOWXvwibWqM6DCoqJdvBA6X1S/53bd4XU7LJ1yurIPlrsouol3mw1jh9pGI4ivubSpmJeIqCA==}

  caniuse-lite@1.0.30001814:
    resolution: {integrity: sha512-/Uaf1lAzr59XcMpW0o96WoEfr+VXK2OX4U9AgFoiSHsVJ4HppnIFUjtYzsyDH2+tgANaQb2/oxYGwCPapN1FpA==}

  chokidar@5.0.0:
    resolution: {integrity: sha512-TQMmc3w+5AxjpL8iIiwebF73dRDF4fBIieAqGn9RGCWaEVwQ6Fb2cGe31Yns0RRIzii5goJ1Y7xbMwo1TxMplw==}
    engines: {node: '>= 20.19.0'}

  cliui@9.0.1:
    resolution: {integrity: sha512-k7ndgKhwoQveBL+/1tqGJYNz097I7WOvwbmmU2AR5+magtbjPWQTS1C5vzGkBC8Ym8UWRzfKUzUUqFLypY4Q+w==}
    engines: {node: '>=20'}

  commander@11.1.0:
    resolution: {integrity: sha512-yPVavfyCcRhmorC7rWlkHn15b4wDVgVmBA7kV4QVBsF7kv/9TKJAbAXVTxvTnwP8HHKjRCJDClKbciiYS7p0DQ==}
    engines: {node: '>=16'}

  css-select@6.0.0:
    resolution: {integrity: sha512-rZZVSLle8v0+EY8QAkDWrKhpgt6SA5OtHsgBnsj6ZaLb5dmDVOWUDtQitd9ydxxvEjhewNudS6eTVU7uOyzvXw==}

  css-tree@2.2.1:
    resolution: {integrity: sha512-OA0mILzGc1kCOCSJerOeqDxDQ4HOh+G8NbOJFOTgOCzpw7fCBubk0fEyxp8AgOL/jvLgYA/uV0cMbe43ElF1JA==}
    engines: {node: ^10 || ^12.20.0 || ^14.13.0 || >=15.0.0, npm: '>=7.0.0'}

  css-tree@3.2.1:
    resolution: {integrity: sha512-X7sjQzceUhu1u7Y/ylrRZFU2FS6LRiFVp6rKLPg23y3x3c3DOKAwuXGDp+PAGjh6CSnCjYeAul8pcT8bAl+lSA==}
    engines: {node: ^10 || ^12.20.0 || ^14.13.0 || >=15.0.0}

  css-what@7.0.0:
    resolution: {integrity: sha512-wD5oz5xibMOPHzy13CyGmogB3phdvcDaB5t0W/Nr5Z2O/agcB8YwOz6e2Lsp10pNDzBoDO9nVa3RGs/2BttpHQ==}
    engines: {node: '>= 6'}

  cssesc@3.0.0:
    resolution: {integrity: sha512-/Tb/JcjK111nNScGob5MNtsntNM1aCNUDipB/TkwZFhyDrrE47SOx/18wF2bbjgc3ZzCSKW1T5nt5EbFoAz/Vg==}
    engines: {node: '>=4'}
    hasBin: true

  cssnano-preset-default@9.3.2:
    resolution: {integrity: sha512-HpBRavK5tdHJLW9eL2vc3zByyjpmDLV2R/3t8pAtykjUp4lPOtF5vR3g7IWJsv7QgdS2PRuBbVKPAcOVMCwrwQ==}
    engines: {node: ^22.22.3 || ^24.15.0 || >=26.0}
    peerDependencies:
      postcss: ^8.5.28

  cssnano-utils@8.2.0:
    resolution: {integrity: sha512-S8lXvsU3u0kMJ8JXQ5UekIZQbBZkOuncYaRTXGTRzztrg5Kis/nPrYnJQxPwL+LcePs9aqa/UD6mB78BoHldvw==}
    engines: {node: ^22.22.3 || ^24.15.0 || >=26.0}
    peerDependencies:
      postcss: ^8.5.28

  cssnano@9.3.2:
    resolution: {integrity: sha512-KvuGq1GUUfC8nxaPDSqFhMAVMJQ/3BuVPFKTQIalOu9icM3pqCUoyNGnVkL/bO3sMPnDaeKFHNaP03y21yvGiA==}
    engines: {node: ^22.22.3 || ^24.15.0 || >=26.0}
    peerDependencies:
      postcss: ^8.5.28

  csso@5.0.5:
    resolution: {integrity: sha512-0LrrStPOdJj+SPCCrGhzryycLjwcgUSHBtxNA8aIDxf0GLsRh1cKYhB00Gd1lDOS4yGH69+SNn13+TWbVHETFQ==}
    engines: {node: ^10 || ^12.20.0 || ^14.13.0 || >=15.0.0, npm: '>=7.0.0'}

  dependency-graph@1.0.0:
    resolution: {integrity: sha512-cW3gggJ28HZ/LExwxP2B++aiKxhJXMSIt9K48FOXQkm+vuG5gyatXnLsONRJdzO/7VfjDIiaOOa/bs4l464Lwg==}
    engines: {node: '>=4'}

  dom-serializer@2.0.0:
    resolution: {integrity: sha512-wIkAryiqt/nV5EQKqQpo3SToSOV9J0DnbJqwK7Wv/Trc92zIAYZ4FlMu+JPFW1DfGFt81ZTCGgDEabffXeLyJg==}

  domelementtype@2.3.0:
    resolution: {integrity: sha512-OLETBj6w0OsagBwdXnPdN0cnMfF9opN69co+7ZrbfPGrdpPVNBUj02spi6B1N7wChLQiPn4CSH/zJvXw56gmHw==}

  domhandler@5.0.3:
    resolution: {integrity: sha512-cgwlv/1iFQiFnU96XXgROh8xTeetsnJiDsTc7TYCLFd9+/WNkIqPTxiM/8pSd8VIrhXGTf1Ny1q1hquVqDJB5w==}
    engines: {node: '>= 4'}

  domutils@3.2.2:
    resolution: {integrity: sha512-6kZKyUajlDuqlHKVX1w7gyslj9MPIXzIFiz/rGu35uC1wMi+kMhQwGhl4lt9unC9Vb9INnY9Z3/ZA3+FhASLaw==}

  electron-to-chromium@1.5.444:
    resolution: {integrity: sha512-5ss/uJfoDYDHT0lfJzT6FbcskIzROIOPf0BbbFkGcvDzoJU7i//9GDrwwIHQVmIsrAGiF3ihpADBRIsrEFt1rQ==}

  emoji-regex@10.6.0:
    resolution: {integrity: sha512-toUI84YS5YmxW219erniWD0CIVOo46xGKColeNQRgOzDorgBi1v4D71/OFzgD9GO2UGKIv1C3Sp8DAn0+j5w7A==}

  entities@4.5.0:
    resolution: {integrity: sha512-V0hjH4dGPh9Ao5p0MoRY6BVqtwCjhz6vI5LT8AJ55H+4g9/4vbHx1I54fS0XuclLhDHArPQCiMjDxjaL8fPxhw==}
    engines: {node: '>=0.12'}

  esbuild@0.28.2:
    resolution: {integrity: sha512-HKVLS8dvII+xoKW9kmqxbRKrnWEXfJJr/FZhhJmiqIB0e053QNYFqOBouTMO/k5sID4MvCiUCvv8b9M4h32wIA==}
    engines: {node: '>=18'}
    hasBin: true

  escalade@3.2.0:
    resolution: {integrity: sha512-WUj2qlxaQtO4g6Pq5c29GTcWGDyd8itL8zTlipgECz3JesAiiOKotd8JU6otB3PACgG6xkJUyVhboMS+bje/jA==}
    engines: {node: '>=6'}

  fdir@6.5.0:
    resolution: {integrity: sha512-tIbYtZbucOs0BRGqPJkshJUYdL+SDH7dVM8gjy+ERp3WAUjLEFJE+02kanyHtwjWOnwrKYBiwAmM0p4kLJAnXg==}
    engines: {node: '>=12.0.0'}
    peerDependencies:
      picomatch: ^3 || ^4
    peerDependenciesMeta:
      picomatch:
        optional: true

  get-caller-file@2.0.5:
    resolution: {integrity: sha512-DyFP3BM/3YHTQOCUL/w0OZHR0lpKeGrxotcHWcqNEdnltqFwXVfhEBQ94eIo34AfQpo0rGki4cyIiftY06h2Fg==}
    engines: {node: 6.* || 8.* || >= 10.*}

  get-east-asian-width@1.7.0:
    resolution: {integrity: sha512-XjH1AECxf0giL2V1aU8vKyRR2ppRUb5c0EvT7zuJTokQ74bNo52zOtghqdWIqrhUD79fo3x0WfKZdOqxF6LG1Q==}
    engines: {node: '>=18'}

  lilconfig@3.1.3:
    resolution: {integrity: sha512-/vlFKAoH5Cgt3Ie+JLhRbwOsCQePABiU3tJ1egGvyQ+33R/vcwM2Zl2QR/LzjsBeItPt3oSVXapn+m4nQDvpzw==}
    engines: {node: '>=14'}

  mdn-data@2.0.28:
    resolution: {integrity: sha512-aylIc7Z9y4yzHYAJNuESG3hfhC+0Ibp/MAMiaOZgNv4pmEdFyfZhhhny4MNiAfWdBQ1RQ2mfDWmM1x8SvGyp8g==}

  mdn-data@2.27.1:
    resolution: {integrity: sha512-9Yubnt3e8A0OKwxYSXyhLymGW4sCufcLG6VdiDdUGVkPhpqLxlvP5vl1983gQjJl3tqbrM731mjaZaP68AgosQ==}

  nanoid@3.3.20:
    resolution: {integrity: sha512-uKdg2G3GNCKQn9byYOpxbGqrT2fGO5KRt5J/8b3pok8rT6qxGWF6hxMyJiEYtAf+FVyYuD9hRaDqX5uPFYJ4ZQ==}
    engines: {node: ^10 || ^12 || ^13.7 || ^14 || >=15.0.1}
    hasBin: true

  node-releases@2.0.57:
    resolution: {integrity: sha512-kQK9LGGFiHtrWiNhZtA7Qbw17AQz+dmsEKODRIVTXA9+e5MS/2gZEBhYJt13GrAz5/IOZKddH/0Z3TP/Zgo+yw==}
    engines: {node: '>=18'}

  nth-check@2.1.1:
    resolution: {integrity: sha512-lqjrjmaOoAnWfMmBPL+XNnynZh2+swxiX3WUE0s4yEHI6m+AwrK2UZOimIRl3X/4QctVqS8AiZjFqyOGrMXb/w==}

  picocolors@1.1.1:
    resolution: {integrity: sha512-xceH2snhtb5M9liqDsmEw56le376mTZkEX/jEb/RxNFyegNul7eNslCXP9FDj/Lcu0X8KEyMceP2ntpaHrDEVA==}

  picomatch@4.0.7:
    resolution: {integrity: sha512-qcJu88Q2IWqJsDD529JKMdwGm/dvInW4HvQnRwiH9JtihJvzGOscDtHE3x1pBKeUOTysQ8kVmLnJ2kJu7yhcGA==}
    engines: {node: '>=12'}

  postcss-calc@11.2.2:
    resolution: {integrity: sha512-wSquceGIY20fnsXcdIYtzW0r34aoXlT6iDYpYKpgR5Ax/KCZMDteE54Z+4Ee24ryYkjnRU5F3cxvhRfNp6t5VA==}
    engines: {node: ^22.22.3 || ^24.15 || >=26.0}
    peerDependencies:
      postcss: ^8.5.28

  postcss-cli@12.0.0:
    resolution: {integrity: sha512-57J2u1NuXuqGXftaK9JFEr/J3vtLzWpdN+RHs8GeeKUlvX7PU18VQJA57t0Rzf4CmbSfQApCwJIPrSFanQu5tQ==}
    engines: {node: '>=22'}
    hasBin: true
    peerDependencies:
      postcss: ^8.0.0

  postcss-colormin@9.0.6:
    resolution: {integrity: sha512-uKsm564OtyCc0WgUhhs1+vuk6jWK+0T128NvYxiINThP5Jgn7GjsYpkc6nwiFeVpqPMXEBYsWdb3xhb4tfnT6w==}
    engines: {node: ^22.22.3 || ^24.15.0 || >=26.0}
    peerDependencies:
      postcss: ^8.5.28

  postcss-convert-values@9.0.7:
    resolution: {integrity: sha512-H2wfTbGzeU/71cPn6z3MWco+x46XPvgAISUVT3lo1JU6wAJWWEQ71JevslwjWr3GaY0unDixcmRIT0vIn5Imqg==}
    engines: {node: ^22.22.3 || ^24.15.0 || >=26.0}
    peerDependencies:
      postcss: ^8.5.28

  postcss-discard-comments@9.0.6:
    resolution: {integrity: sha512-jK5bfKASmV7fSf6rL8XEU4uJaQUe5/5OFkA8pzHooUugV73uIg2JFEMnNwdHBOXJ+bAcGPZ7b7DxkXZdtqG7Bg==}
    engines: {node: ^22.22.3 || ^24.15.0 || >=26.0}
    peerDependencies:
      postcss: ^8.5.28

  postcss-discard-duplicates@9.0.5:
    resolution: {integrity: sha512-Il321Y6C/In5Uyub+wmf+9TwiYtTGg1Fk4F5DtjXXbQezeNdO3wLNeTRLXzmuihu3vHRmks2bG9di1ImyaGsQw==}
    engines: {node: ^22.22.3 || ^24.15.0 || >=26.0}
    peerDependencies:
      postcss: ^8.5.28

  postcss-discard-empty@9.0.6:
    resolution: {integrity: sha512-Bi4fYujDBqBVKsqPOIlZ2QElVa/rDHbfz0nTrrDyML2hoKJndk/qJuc1kN2+OChHDQNIHUjfEX3jHCiGDAt3wQ==}
    engines: {node: ^22.22.3 || ^24.15.0 || >=26.0}
    peerDependencies:
      postcss: ^8.5.28

  postcss-discard-overridden@9.0.5:
    resolution: {integrity: sha512-R/pSAgkbHOdPi8op7b5IyeY8Z0hJ1yemvRpNP2dh41Lm2ldjA1N1lXBdopj7vbzLzzhXLNPnQTolV+vUJ3HGVA==}
    engines: {node: ^22.22.3 || ^24.15.0 || >=26.0}
    peerDependencies:
      postcss: ^8.5.28

  postcss-load-config@6.0.1:
    resolution: {integrity: sha512-oPtTM4oerL+UXmx+93ytZVN82RrlY/wPUV8IeDxFrzIjXOLF1pN+EmKPLbubvKHT2HC20xXsCAH2Z+CKV6Oz/g==}
    engines: {node: '>= 18'}
    peerDependencies:
      jiti: '>=1.21.0'
      postcss: '>=8.0.9'
      tsx: ^4.8.1
      yaml: ^2.4.2
    peerDependenciesMeta:
      jiti:
        optional: true
      postcss:
        optional: true
      tsx:
        optional: true
      yaml:
        optional: true

  postcss-merge-longhand@9.2.1:
    resolution: {integrity: sha512-dYwIiRP/lH2ItiUo/t9QG/Vn0ac5dPjISTTosF8yfU0PaFZcRYb8mnO82LxQtfYfUqtzWduYGrGVDyLi8N5xxQ==}
    engines: {node: ^22.22.3 || ^24.15.0 || >=26.0}
    peerDependencies:
      postcss: ^8.5.28

  postcss-merge-rules@9.1.2:
    resolution: {integrity: sha512-hDAdZNa4MgxPK7VbKqFHz7NlmZMehhcSWP4wDi77mmmUTs6K/rTw0hekCN4t9vBhwKhM9gKsGJS/FcGQB1bZdg==}
    engines: {node: ^22.22.3 || ^24.15.0 || >=26.0}
    peerDependencies:
      postcss: ^8.5.28

  postcss-minify-font-values@9.0.7:
    resolution: {integrity: sha512-cnje2Aby5P4o0IUvy02yhQ9wJ8PJNYd32iYFnM3/2G+1nvoUs/hRAkyFf2WfGlgtBJy24QPMYdWRUQ6CDm1MYw==}
    engines: {node: ^22.22.3 || ^24.15.0 || >=26.0}
    peerDependencies:
      postcss: ^8.5.28

  postcss-minify-gradients@9.0.6:
    resolution: {integrity: sha512-r0u1zcMXFn2xmafxONtZhmmeL/e5f3d9MK4vReuG1y58Vfn8iSWIzF3yiU9+QOtJjb+c2Fd+ZeaM08dkMD/ETQ==}
    engines: {node: ^22.22.3 || ^24.15.0 || >=26.0}
    peerDependencies:
      postcss: ^8.5.28

  postcss-minify-params@9.0.6:
    resolution: {integrity: sha512-HbQdOob8KqH+IslULbA52A/uZZUTArDxJ+eDqSnWq7cnCvGets/H/AQU998+BlFgB4Nv5bngWeFVtWp4we26cw==}
    engines: {node: ^22.22.3 || ^24.15.0 || >=26.0}
    peerDependencies:
      postcss: ^8.5.28

  postcss-minify-selectors@9.0.6:
    resolution: {integrity: sha512-JOZcNGgwy+E4eR+cy9B0KPa4DUsNHOp899xYEJW8dvpsAFuzBzJXrbnKaAEnbd3nvE4nr4Z+ECQiZTswLPsdkg==}
    engines: {node: ^22.22.3 || ^24.15.0 || >=26.0}
    peerDependencies:
      postcss: ^8.5.28

  postcss-nesting@14.0.3:
    resolution: {integrity: sha512-S6NJP2WFinT50vIo7fu3Z8PrTgng3P0ky47a5wQSrQpsH3WS82ZpjkIdAs+2ltRkk0wU7vRBKLYM96qY0RvKjA==}
    engines: {node: '>=20.19.0'}
    peerDependencies:
      postcss: ^8.4

  postcss-normalize-charset@9.0.5:
    resolution: {integrity: sha512-mmbQmD9mlz3pTo+r4KdwcfD23cNksQo7aYNa4lfL4Bsj0XkL+rtcbNOY7Oo+U82DP1syYXCyF1PRc32gb36MqA==}
    engines: {node: ^22.22.3 || ^24.15.0 || >=26.0}
    peerDependencies:
      postcss: ^8.5.28

  postcss-normalize-display-values@9.0.5:
    resolution: {integrity: sha512-V5tOZuYQtOpYNjoSjciDckB8Ry+s2NcHqVHloYe5Xh/6OA2Z3kVymAck3zipZ1uLBdMvg7BUvxoDIcH6dJCPug==}
    engines: {node: ^22.22.3 || ^24.15.0 || >=26.0}
    peerDependencies:
      postcss: ^8.5.28

  postcss-normalize-positions@9.0.6:
    resolution: {integrity: sha512-n69U09h5ej9q7/mNCDdA5TJpJEgfIoLaEPZX1zMtWE+QXysEm9K62GfDxuHYnOEQle0s/HhpT5wQ/BqFGrHQ4Q==}
    engines: {node: ^22.22.3 || ^24.15.0 || >=26.0}
    peerDependencies:
      postcss: ^8.5.28

  postcss-normalize-repeat-style@9.0.5:
    resolution: {integrity: sha512-1QZ9ZdyWb4TRDCXIg8iqeACo6BWKjxtfeMgMSy6ORqX21gKN4lYYQqZpxPdILpvbLaEfXGVd0ptMCiKbxCObjA==}
    engines: {node: ^22.22.3 || ^24.15.0 || >=26.0}
    peerDependencies:
      postcss: ^8.5.28

  postcss-normalize-string@9.0.5:
    resolution: {integrity: sha512-470sWbU7N/kwSOYl+9yJUzq1BWSHAVLP86E89Ap5RGZGXmBnn7jmwF2xgH+a7uSAkaBhTGu/hf4R1U5gGHqEHw==}
    engines: {node: ^22.22.3 || ^24.15.0 || >=26.0}
    peerDependencies:
      postcss: ^8.5.28

  postcss-normalize-timing-functions@9.0.5:
    resolution: {integrity: sha512-uw5Y1xNsnh1Z8XB1I4Sx6/T7GKfdBTpX7X7ywDibb35IIYjJLf68qjBRDl59ETYrWkoGxZXIYU74RcO6cAjjmw==}
    engines: {node: ^22.22.3 || ^24.15.0 || >=26.0}
    peerDependencies:
      postcss: ^8.5.28

  postcss-normalize-unicode@9.0.5:
    resolution: {integrity: sha512-mDIcHiI0JMEchOA+OdTNAkhdb6IUIJFocVuacszLC/zFJlhyc0GUeZYIkaGVg/tEj3X8jVnd8Xetm8iN/0cAvQ==}
    engines: {node: ^22.22.3 || ^24.15.0 || >=26.0}
    peerDependencies:
      postcss: ^8.5.28

  postcss-normalize-url@9.0.5:
    resolution: {integrity: sha512-iGf8SEx4Abu9XqmubHU7Prl7dWT0gk+VethwzfY40Zo9y3VItrz8QSDFMCxQmWpphXiU0jGq5K4uoiSi2ySnNw==}
    engines: {node: ^22.22.3 || ^24.15.0 || >=26.0}
    peerDependencies:
      postcss: ^8.5.28

  postcss-normalize-whitespace@9.0.5:
    resolution: {integrity: sha512-vaDslAUVqguYgC2jMb90Rc+N904rPx4XtYIWhaI/8m6OYx7+EOgsQmTLOGB4WjDAIMOgdBVTQqub8dQSoSVyww==}
    engines: {node: ^22.22.3 || ^24.15.0 || >=26.0}
    peerDependencies:
      postcss: ^8.5.28

  postcss-ordered-values@9.0.7:
    resolution: {integrity: sha512-vEXN/t5iqwZvRAURoAsp06CxIBwJ6o9ViDAbENZPd6KgLys2U/z4UIafket5S/L2ps7cR216dN++Vt6d28frqQ==}
    engines: {node: ^22.22.3 || ^24.15.0 || >=26.0}
    peerDependencies:
      postcss: ^8.5.28

  postcss-reduce-initial@9.0.6:
    resolution: {integrity: sha512-Jjj9edyokvyJ/BJ0X/8S6zHrLSKziTX0lwd4nhJwbEkaRut9v6F79sdy6tC+69KDyo8ILsCGXeR41agJSt7Kfg==}
    engines: {node: ^22.22.3 || ^24.15.0 || >=26.0}
    peerDependencies:
      postcss: ^8.5.28

  postcss-reduce-transforms@9.0.4:
    resolution: {integrity: sha512-hRzepc/cwIs1cCdIghQatRDFlxc7qQieXzkyCfyVl8KPTPhOZyOtdPp9Qt90fMbqWry6YdMQu/YfScxh47sTYg==}
    engines: {node: ^22.22.3 || ^24.15.0 || >=26.0}
    peerDependencies:
      postcss: ^8.5.28

  postcss-reporter@7.1.0:
    resolution: {integrity: sha512-/eoEylGWyy6/DOiMP5lmFRdmDKThqgn7D6hP2dXKJI/0rJSO1ADFNngZfDzxL0YAxFvws+Rtpuji1YIHj4mySA==}
    engines: {node: '>=10'}
    peerDependencies:
      postcss: ^8.1.0

  postcss-selector-parser@7.1.6:
    resolution: {integrity: sha512-7qASPzhKF2l2KLboRZux8CCTRMdGiV08vWmyKzPz22qZ7ZjQBOeY7rNzNoCLSUiftJ7HUq0GERHmxw/t0dCdMw==}
    engines: {node: '>=4'}

  postcss-svgo@9.0.4:
    resolution: {integrity: sha512-0QGF1sORc244E+DNJxEzQDK/zK24VO0CMzAMOwOW+cQ90Y65mVDR2yrSxp4/f+XcdxmAf5LPm22zlnhVUTbtAA==}
    engines: {node: ^22.22.3 || ^24.15.0 || >=26.0}
    peerDependencies:
      postcss: ^8.5.28

  postcss-unique-selectors@9.0.5:
    resolution: {integrity: sha512-1otppE5FwWqmIM1jqBpeAdA0GSP9wwzRCRsbz7EtbSNunh3bJ9PPRuYYzByvqnz7L351ZA2fDHC0CcouYoPWfA==}
    engines: {node: ^22.22.3 || ^24.15.0 || >=26.0}
    peerDependencies:
      postcss: ^8.5.28

  postcss@8.5.29:
    resolution: {integrity: sha512-49cGhUbXj8Qenv0iTMxA1cFBzxXoctpC9Ujd77t1WcbJIr6nF/eI7g/8MgxrYldFRuAXvja7xQRwavoW7kgrxQ==}
    engines: {node: ^10 || ^12 || >=14}

  pretty-hrtime@1.0.3:
    resolution: {integrity: sha512-66hKPCr+72mlfiSjlEB1+45IjXSqvVAIy6mocupoww4tBFE9R9IhwwUGoI4G++Tc9Aq+2rxOt0RFU6gPcrte0A==}
    engines: {node: '>= 0.8'}

  read-cache@1.0.2:
    resolution: {integrity: sha512-/peqiBB/n07gQGLsWaHho3WfvUyRscw0gYTsEFMhrIe/nWLkYaf5SbKYjGYqtRV3aPwykJgF2VEMo1ac4bnsGA==}

  readdirp@5.1.1:
    resolution: {integrity: sha512-Kko+Y5XQ6fM+Ce3dq3m9YGxnacYZYl9cA1wZjaF3Vbry2L3i1qVg8+CAgNPsXRArPMUMCaOR7oa9Nqntc43JKA==}
    engines: {node: '>= 20.19.0'}

  sax@1.6.1:
    resolution: {integrity: sha512-42tBVwLWnaQvW5zc4HbZrTuWccECCZfBi92FDuwtqxasH+JbPB3/FOKb1m222K42R4WxuxzzMsTswfzgtSu64Q==}
    engines: {node: '>=11.0.0'}

  slash@5.1.0:
    resolution: {integrity: sha512-ZA6oR3T/pEyuqwMgAKT0/hAv8oAXckzbkmR0UkUosQ+Mc4RxGoJkRmwHgHufaenlyAgE1Mxgpdcrf75y6XcnDg==}
    engines: {node: '>=14.16'}

  source-map-js@1.2.2:
    resolution: {integrity: sha512-KGj/8Y43x35aZVDtt+J4mK1hoLGHULMYfSkODJNQjNDC3oW1PqPoxMwo0pLUsWM/UEGzON/NxeHywEfNXNP3Vw==}
    engines: {node: '>=0.10.0'}

  string-width@7.2.0:
    resolution: {integrity: sha512-tsaTIkKW9b4N+AEj+SVA+WhJzV7/zMhcSu78mLKWSk7cXMOSHsBKFWUs0fWwq8QyK3MgJBQRX6Gbi4kYbdvGkQ==}
    engines: {node: '>=18'}

  string-width@8.3.0:
    resolution: {integrity: sha512-ZbmZM0JCihQN91dWnxoipT2KOEyHqEyfRXUyjuRhW8b/xnqPDoq4gWEVApTVa9db2wN8mmoikgFBbjh71+cGeQ==}
    engines: {node: '>=20'}

  strip-ansi@7.2.0:
    resolution: {integrity: sha512-yDPMNjp4WyfYBkHnjIRLfca1i6KMyGCtsVgoKe/z1+6vukgaENdgGBZt+ZmKPc4gavvEZ5OgHfHdrazhgNyG7w==}
    engines: {node: '>=12'}

  stylehacks@9.0.7:
    resolution: {integrity: sha512-KIpCgyoHOxm3wKEGPLvvrQT8bl0E/qCF+MkO83Pe7469JDsWE7PT0k2AlZJFivO+9j/222q+sI8EKSAalIRkNA==}
    engines: {node: ^22.22.3 || ^24.15.0 || >=26.0}
    peerDependencies:
      postcss: ^8.5.28

  svgo@4.1.0:
    resolution: {integrity: sha512-bkxnTg1kSU0guhIBmibA6UUhrQmPVA1XsQLN+ylCd+UWzbnLkySOcXpyk1mrl05f+pcaCx2eHb+sp6BgMZWX+Q==}
    engines: {node: '>=16'}
    hasBin: true

  thenby@1.4.1:
    resolution: {integrity: sha512-D5a/bO0KdalOE3q8MlrRmSxjbKZHT3MQmXkJP+r97Vw8MMwOZKOwUSEyTtK7eSMj2y0kyAjpYMRMZmmLw1FtNQ==}

  tinyglobby@0.2.17:
    resolution: {integrity: sha512-wXR/dYpcqKmfWpEdZjiKJOwCNFndD0DMnrW/cYjVGttEkBfVgcLFHoNrlj47mjOVic9yyNu65alsgF4NQyTa2g==}
    engines: {node: '>=12.0.0'}

  update-browserslist-db@1.3.3:
    resolution: {integrity: sha512-pJ2sYawQS0R/WI928Gj5GlPhTGzbMelq0+4INtSYNDV9ErKJcX6xjGWkoG/VnB3dpUm00zALaqkrUD77pO5TDQ==}
    hasBin: true
    peerDependencies:
      browserslist: '>= 4.21.0'

  util-deprecate@1.0.2:
    resolution: {integrity: sha512-EPD5q1uXyFxJpCrLnCc1nHnq3gOa6DZBocAIiI2TaSCA7VCJ1UJDMagCzIkXNsUYfD1daK//LTEQ8xiIbrHtcw==}

  wrap-ansi@9.0.2:
    resolution: {integrity: sha512-42AtmgqjV+X1VpdOfyTGOYRi0/zsoLqtXQckTmqTeybT+BDIbM/Guxo7x3pE2vtpr1ok6xRqM9OpBe+Jyoqyww==}
    engines: {node: '>=18'}

  y18n@5.0.8:
    resolution: {integrity: sha512-0pfFzegeDWJHJIAmTLRP2DwHjdF5s7jo9tuztdQxAhINCdvS+3nGINqPd00AphqJR/0LhANUS6/+7SCb98YOfA==}
    engines: {node: '>=10'}

  yargs-parser@22.0.0:
    resolution: {integrity: sha512-rwu/ClNdSMpkSrUb+d6BRsSkLUq1fmfsY6TOpYzTwvwkg1/NRG85KBy3kq++A8LKQwX6lsu+aWad+2khvuXrqw==}
    engines: {node: ^20.19.0 || ^22.12.0 || >=23}

  yargs@18.2.0:
    resolution: {integrity: sha512-9OpKOLeaoNFecEp7P6iYbzze/5CqWoH7N3SMs/6y1XF4nMvFMspEGZzJ6uFi9MmQwXhyzqYoSEKO3tvA3Z/o2w==}
    engines: {node: ^20.19.0 || ^22.12.0 || >=23}

snapshots:

  '@colordx/core@7.3.0': {}

  '@csstools/css-tokenizer@4.0.2': {}

  '@csstools/selector-resolve-nested@4.0.2(postcss-selector-parser@7.1.6)':
    dependencies:
      postcss-selector-parser: 7.1.6

  '@csstools/selector-specificity@6.0.1(postcss-selector-parser@7.1.6)':
    dependencies:
      postcss-selector-parser: 7.1.6

  '@esbuild/aix-ppc64@0.28.2':
    optional: true

  '@esbuild/android-arm64@0.28.2':
    optional: true

  '@esbuild/android-arm@0.28.2':
    optional: true

  '@esbuild/android-x64@0.28.2':
    optional: true

  '@esbuild/darwin-arm64@0.28.2':
    optional: true

  '@esbuild/darwin-x64@0.28.2':
    optional: true

  '@esbuild/freebsd-arm64@0.28.2':
    optional: true

  '@esbuild/freebsd-x64@0.28.2':
    optional: true

  '@esbuild/linux-arm64@0.28.2':
    optional: true

  '@esbuild/linux-arm@0.28.2':
    optional: true

  '@esbuild/linux-ia32@0.28.2':
    optional: true

  '@esbuild/linux-loong64@0.28.2':
    optional: true

  '@esbuild/linux-mips64el@0.28.2':
    optional: true

  '@esbuild/linux-ppc64@0.28.2':
    optional: true

  '@esbuild/linux-riscv64@0.28.2':
    optional: true

  '@esbuild/linux-s390x@0.28.2':
    optional: true

  '@esbuild/linux-x64@0.28.2':
    optional: true

  '@esbuild/netbsd-arm64@0.28.2':
    optional: true

  '@esbuild/netbsd-x64@0.28.2':
    optional: true

  '@esbuild/openbsd-arm64@0.28.2':
    optional: true

  '@esbuild/openbsd-x64@0.28.2':
    optional: true

  '@esbuild/openharmony-arm64@0.28.2':
    optional: true

  '@esbuild/sunos-x64@0.28.2':
    optional: true

  '@esbuild/win32-arm64@0.28.2':
    optional: true

  '@esbuild/win32-ia32@0.28.2':
    optional: true

  '@esbuild/win32-x64@0.28.2':
    optional: true

  ansi-regex@6.4.0: {}

  ansi-styles@6.2.3: {}

  baseline-browser-mapping@2.11.27: {}

  boolbase@1.0.0: {}

  browserslist@4.29.3:
    dependencies:
      baseline-browser-mapping: 2.11.27
      caniuse-lite: 1.0.30001814
      electron-to-chromium: 1.5.444
      node-releases: 2.0.57
      update-browserslist-db: 1.3.3(browserslist@4.29.3)

  caniuse-api@4.0.0:
    dependencies:
      browserslist: 4.29.3
      caniuse-lite: 1.0.30001814

  caniuse-lite@1.0.30001814: {}

  chokidar@5.0.0:
    dependencies:
      readdirp: 5.1.1

  cliui@9.0.1:
    dependencies:
      string-width: 7.2.0
      strip-ansi: 7.2.0
      wrap-ansi: 9.0.2

  commander@11.1.0: {}

  css-select@6.0.0:
    dependencies:
      boolbase: 1.0.0
      css-what: 7.0.0
      domhandler: 5.0.3
      domutils: 3.2.2
      nth-check: 2.1.1

  css-tree@2.2.1:
    dependencies:
      mdn-data: 2.0.28
      source-map-js: 1.2.2

  css-tree@3.2.1:
    dependencies:
      mdn-data: 2.27.1
      source-map-js: 1.2.2

  css-what@7.0.0: {}

  cssesc@3.0.0: {}

  cssnano-preset-default@9.3.2(postcss@8.5.29):
    dependencies:
      browserslist: 4.29.3
      cssnano-utils: 8.2.0(postcss@8.5.29)
      postcss: 8.5.29
      postcss-calc: 11.2.2(postcss@8.5.29)
      postcss-colormin: 9.0.6(postcss@8.5.29)
      postcss-convert-values: 9.0.7(postcss@8.5.29)
      postcss-discard-comments: 9.0.6(postcss@8.5.29)
      postcss-discard-duplicates: 9.0.5(postcss@8.5.29)
      postcss-discard-empty: 9.0.6(postcss@8.5.29)
      postcss-discard-overridden: 9.0.5(postcss@8.5.29)
      postcss-merge-longhand: 9.2.1(postcss@8.5.29)
      postcss-merge-rules: 9.1.2(postcss@8.5.29)
      postcss-minify-font-values: 9.0.7(postcss@8.5.29)
      postcss-minify-gradients: 9.0.6(postcss@8.5.29)
      postcss-minify-params: 9.0.6(postcss@8.5.29)
      postcss-minify-selectors: 9.0.6(postcss@8.5.29)
      postcss-normalize-charset: 9.0.5(postcss@8.5.29)
      postcss-normalize-display-values: 9.0.5(postcss@8.5.29)
      postcss-normalize-positions: 9.0.6(postcss@8.5.29)
      postcss-normalize-repeat-style: 9.0.5(postcss@8.5.29)
      postcss-normalize-string: 9.0.5(postcss@8.5.29)
      postcss-normalize-timing-functions: 9.0.5(postcss@8.5.29)
      postcss-normalize-unicode: 9.0.5(postcss@8.5.29)
      postcss-normalize-url: 9.0.5(postcss@8.5.29)
      postcss-normalize-whitespace: 9.0.5(postcss@8.5.29)
      postcss-ordered-values: 9.0.7(postcss@8.5.29)
      postcss-reduce-initial: 9.0.6(postcss@8.5.29)
      postcss-reduce-transforms: 9.0.4(postcss@8.5.29)
      postcss-svgo: 9.0.4(postcss@8.5.29)
      postcss-unique-selectors: 9.0.5(postcss@8.5.29)

  cssnano-utils@8.2.0(postcss@8.5.29):
    dependencies:
      '@csstools/css-tokenizer': 4.0.2
      postcss: 8.5.29

  cssnano@9.3.2(postcss@8.5.29):
    dependencies:
      cssnano-preset-default: 9.3.2(postcss@8.5.29)
      postcss: 8.5.29

  csso@5.0.5:
    dependencies:
      css-tree: 2.2.1

  dependency-graph@1.0.0: {}

  dom-serializer@2.0.0:
    dependencies:
      domelementtype: 2.3.0
      domhandler: 5.0.3
      entities: 4.5.0

  domelementtype@2.3.0: {}

  domhandler@5.0.3:
    dependencies:
      domelementtype: 2.3.0

  domutils@3.2.2:
    dependencies:
      dom-serializer: 2.0.0
      domelementtype: 2.3.0
      domhandler: 5.0.3

  electron-to-chromium@1.5.444: {}

  emoji-regex@10.6.0: {}

  entities@4.5.0: {}

  esbuild@0.28.2:
    optionalDependencies:
      '@esbuild/aix-ppc64': 0.28.2
      '@esbuild/android-arm': 0.28.2
      '@esbuild/android-arm64': 0.28.2
      '@esbuild/android-x64': 0.28.2
      '@esbuild/darwin-arm64': 0.28.2
      '@esbuild/darwin-x64': 0.28.2
      '@esbuild/freebsd-arm64': 0.28.2
      '@esbuild/freebsd-x64': 0.28.2
      '@esbuild/linux-arm': 0.28.2
      '@esbuild/linux-arm64': 0.28.2
      '@esbuild/linux-ia32': 0.28.2
      '@esbuild/linux-loong64': 0.28.2
      '@esbuild/linux-mips64el': 0.28.2
      '@esbuild/linux-ppc64': 0.28.2
      '@esbuild/linux-riscv64': 0.28.2
      '@esbuild/linux-s390x': 0.28.2
      '@esbuild/linux-x64': 0.28.2
      '@esbuild/netbsd-arm64': 0.28.2
      '@esbuild/netbsd-x64': 0.28.2
      '@esbuild/openbsd-arm64': 0.28.2
      '@esbuild/openbsd-x64': 0.28.2
      '@esbuild/openharmony-arm64': 0.28.2
      '@esbuild/sunos-x64': 0.28.2
      '@esbuild/win32-arm64': 0.28.2
      '@esbuild/win32-ia32': 0.28.2
      '@esbuild/win32-x64': 0.28.2

  escalade@3.2.0: {}

  fdir@6.5.0(picomatch@4.0.7):
    optionalDependencies:
      picomatch: 4.0.7

  get-caller-file@2.0.5: {}

  get-east-asian-width@1.7.0: {}

  lilconfig@3.1.3: {}

  mdn-data@2.0.28: {}

  mdn-data@2.27.1: {}

  nanoid@3.3.20: {}

  node-releases@2.0.57: {}

  nth-check@2.1.1:
    dependencies:
      boolbase: 1.0.0

  picocolors@1.1.1: {}

  picomatch@4.0.7: {}

  postcss-calc@11.2.2(postcss@8.5.29):
    dependencies:
      '@csstools/css-tokenizer': 4.0.2
      postcss: 8.5.29

  postcss-cli@12.0.0(postcss@8.5.29):
    dependencies:
      chokidar: 5.0.0
      dependency-graph: 1.0.0
      picocolors: 1.1.1
      postcss: 8.5.29
      postcss-load-config: 6.0.1(postcss@8.5.29)
      postcss-reporter: 7.1.0(postcss@8.5.29)
      pretty-hrtime: 1.0.3
      read-cache: 1.0.2
      slash: 5.1.0
      tinyglobby: 0.2.17
      yargs: 18.2.0
    transitivePeerDependencies:
      - jiti
      - tsx
      - yaml

  postcss-colormin@9.0.6(postcss@8.5.29):
    dependencies:
      '@colordx/core': 7.3.0
      '@csstools/css-tokenizer': 4.0.2
      browserslist: 4.29.3
      caniuse-api: 4.0.0
      cssnano-utils: 8.2.0(postcss@8.5.29)
      postcss: 8.5.29

  postcss-convert-values@9.0.7(postcss@8.5.29):
    dependencies:
      browserslist: 4.29.3
      cssnano-utils: 8.2.0(postcss@8.5.29)
      postcss: 8.5.29

  postcss-discard-comments@9.0.6(postcss@8.5.29):
    dependencies:
      '@csstools/css-tokenizer': 4.0.2
      cssnano-utils: 8.2.0(postcss@8.5.29)
      postcss: 8.5.29

  postcss-discard-duplicates@9.0.5(postcss@8.5.29):
    dependencies:
      cssnano-utils: 8.2.0(postcss@8.5.29)
      postcss: 8.5.29

  postcss-discard-empty@9.0.6(postcss@8.5.29):
    dependencies:
      cssnano-utils: 8.2.0(postcss@8.5.29)
      postcss: 8.5.29

  postcss-discard-overridden@9.0.5(postcss@8.5.29):
    dependencies:
      postcss: 8.5.29

  postcss-load-config@6.0.1(postcss@8.5.29):
    dependencies:
      lilconfig: 3.1.3
    optionalDependencies:
      postcss: 8.5.29

  postcss-merge-longhand@9.2.1(postcss@8.5.29):
    dependencies:
      '@csstools/css-tokenizer': 4.0.2
      browserslist: 4.29.3
      cssnano-utils: 8.2.0(postcss@8.5.29)
      postcss: 8.5.29
      stylehacks: 9.0.7(postcss@8.5.29)

  postcss-merge-rules@9.1.2(postcss@8.5.29):
    dependencies:
      '@csstools/css-tokenizer': 4.0.2
      browserslist: 4.29.3
      caniuse-api: 4.0.0
      cssnano-utils: 8.2.0(postcss@8.5.29)
      postcss: 8.5.29
      postcss-minify-selectors: 9.0.6(postcss@8.5.29)

  postcss-minify-font-values@9.0.7(postcss@8.5.29):
    dependencies:
      '@csstools/css-tokenizer': 4.0.2
      cssnano-utils: 8.2.0(postcss@8.5.29)
      postcss: 8.5.29

  postcss-minify-gradients@9.0.6(postcss@8.5.29):
    dependencies:
      '@colordx/core': 7.3.0
      '@csstools/css-tokenizer': 4.0.2
      cssnano-utils: 8.2.0(postcss@8.5.29)
      postcss: 8.5.29

  postcss-minify-params@9.0.6(postcss@8.5.29):
    dependencies:
      browserslist: 4.29.3
      cssnano-utils: 8.2.0(postcss@8.5.29)
      postcss: 8.5.29

  postcss-minify-selectors@9.0.6(postcss@8.5.29):
    dependencies:
      browserslist: 4.29.3
      caniuse-api: 4.0.0
      cssesc: 3.0.0
      cssnano-utils: 8.2.0(postcss@8.5.29)
      postcss: 8.5.29

  postcss-nesting@14.0.3(postcss@8.5.29):
    dependencies:
      '@csstools/selector-resolve-nested': 4.0.2(postcss-selector-parser@7.1.6)
      '@csstools/selector-specificity': 6.0.1(postcss-selector-parser@7.1.6)
      postcss: 8.5.29
      postcss-selector-parser: 7.1.6

  postcss-normalize-charset@9.0.5(postcss@8.5.29):
    dependencies:
      postcss: 8.5.29

  postcss-normalize-display-values@9.0.5(postcss@8.5.29):
    dependencies:
      '@csstools/css-tokenizer': 4.0.2
      cssnano-utils: 8.2.0(postcss@8.5.29)
      postcss: 8.5.29

  postcss-normalize-positions@9.0.6(postcss@8.5.29):
    dependencies:
      cssnano-utils: 8.2.0(postcss@8.5.29)
      postcss: 8.5.29

  postcss-normalize-repeat-style@9.0.5(postcss@8.5.29):
    dependencies:
      cssnano-utils: 8.2.0(postcss@8.5.29)
      postcss: 8.5.29

  postcss-normalize-string@9.0.5(postcss@8.5.29):
    dependencies:
      '@csstools/css-tokenizer': 4.0.2
      postcss: 8.5.29

  postcss-normalize-timing-functions@9.0.5(postcss@8.5.29):
    dependencies:
      '@csstools/css-tokenizer': 4.0.2
      cssnano-utils: 8.2.0(postcss@8.5.29)
      postcss: 8.5.29

  postcss-normalize-unicode@9.0.5(postcss@8.5.29):
    dependencies:
      '@csstools/css-tokenizer': 4.0.2
      browserslist: 4.29.3
      cssnano-utils: 8.2.0(postcss@8.5.29)
      postcss: 8.5.29

  postcss-normalize-url@9.0.5(postcss@8.5.29):
    dependencies:
      '@csstools/css-tokenizer': 4.0.2
      cssnano-utils: 8.2.0(postcss@8.5.29)
      postcss: 8.5.29

  postcss-normalize-whitespace@9.0.5(postcss@8.5.29):
    dependencies:
      '@csstools/css-tokenizer': 4.0.2
      cssnano-utils: 8.2.0(postcss@8.5.29)
      postcss: 8.5.29

  postcss-ordered-values@9.0.7(postcss@8.5.29):
    dependencies:
      cssnano-utils: 8.2.0(postcss@8.5.29)
      postcss: 8.5.29

  postcss-reduce-initial@9.0.6(postcss@8.5.29):
    dependencies:
      browserslist: 4.29.3
      caniuse-api: 4.0.0
      postcss: 8.5.29

  postcss-reduce-transforms@9.0.4(postcss@8.5.29):
    dependencies:
      cssnano-utils: 8.2.0(postcss@8.5.29)
      postcss: 8.5.29

  postcss-reporter@7.1.0(postcss@8.5.29):
    dependencies:
      picocolors: 1.1.1
      postcss: 8.5.29
      thenby: 1.4.1

  postcss-selector-parser@7.1.6:
    dependencies:
      cssesc: 3.0.0
      util-deprecate: 1.0.2

  postcss-svgo@9.0.4(postcss@8.5.29):
    dependencies:
      '@csstools/css-tokenizer': 4.0.2
      cssnano-utils: 8.2.0(postcss@8.5.29)
      postcss: 8.5.29
      svgo: 4.1.0

  postcss-unique-selectors@9.0.5(postcss@8.5.29):
    dependencies:
      '@csstools/css-tokenizer': 4.0.2
      postcss: 8.5.29

  postcss@8.5.29:
    dependencies:
      nanoid: 3.3.20
      picocolors: 1.1.1
      source-map-js: 1.2.2

  pretty-hrtime@1.0.3: {}

  read-cache@1.0.2: {}

  readdirp@5.1.1: {}

  sax@1.6.1: {}

  slash@5.1.0: {}

  source-map-js@1.2.2: {}

  string-width@7.2.0:
    dependencies:
      emoji-regex: 10.6.0
      get-east-asian-width: 1.7.0
      strip-ansi: 7.2.0

  string-width@8.3.0:
    dependencies:
      get-east-asian-width: 1.7.0
      strip-ansi: 7.2.0

  strip-ansi@7.2.0:
    dependencies:
      ansi-regex: 6.4.0

  stylehacks@9.0.7(postcss@8.5.29):
    dependencies:
      '@csstools/css-tokenizer': 4.0.2
      browserslist: 4.29.3
      postcss: 8.5.29

  svgo@4.1.0:
    dependencies:
      commander: 11.1.0
      css-select: 6.0.0
      css-tree: 3.2.1
      css-what: 7.0.0
      csso: 5.0.5
      picocolors: 1.1.1
      sax: 1.6.1

  thenby@1.4.1: {}

  tinyglobby@0.2.17:
    dependencies:
      fdir: 6.5.0(picomatch@4.0.7)
      picomatch: 4.0.7

  update-browserslist-db@1.3.3(browserslist@4.29.3):
    dependencies:
      browserslist: 4.29.3
      escalade: 3.2.0
      picocolors: 1.1.1

  util-deprecate@1.0.2: {}

  wrap-ansi@9.0.2:
    dependencies:
      ansi-styles: 6.2.3
      string-width: 7.2.0
      strip-ansi: 7.2.0

  y18n@5.0.8: {}

  yargs-parser@22.0.0: {}

  yargs@18.2.0:
    dependencies:
      cliui: 9.0.1
      escalade: 3.2.0
      get-caller-file: 2.0.5
      string-width: 8.3.0
      y18n: 5.0.8
      yargs-parser: 22.0.0
